
Microsoft Visual Studio Solution File, Format Version 12.00
# Visual Studio Version 16
VisualStudioVersion = 16.0.29905.134
MinimumVisualStudioVersion = 10.0.40219.1
Project("{FAE04EC0-301F-11D3-BF4B-00C04F79EFBC}") = "MyDatabaser", "MyDatabaser\MyDatabaser.csproj", "{EB7DFE79-1D8D-42D0-BD9A-322DFB96A6DB}"
EndProject
Global
	GlobalSection(SolutionConfigurationPlatforms) = preSolution
		Debug|Any CPU = Debug|Any CPU
		Release|Any CPU = Release|Any CPU
	EndGlobalSection
	GlobalSection(ProjectConfigurationPlatforms) = postSolution
		{EB7DFE79-1D8D-42D0-BD9A-322DFB96A6DB}.Debug|Any CPU.ActiveCfg = Debug|Any CPU
		{EB7DFE79-1D8D-42D0-BD9A-322DFB96A6DB}.Debug|Any CPU.Build.0 = Debug|Any CPU
		{EB7DFE79-1D8D-42D0-BD9A-322DFB96A6DB}.Release|Any CPU.ActiveCfg = Release|Any CPU
		{EB7DFE79-1D8D-42D0-BD9A-322DFB96A6DB}.Release|Any CPU.Build.0 = Release|Any CPU
	EndGlobalSection
	GlobalSection(SolutionProperties) = preSolution
		HideSolutionNode = FALSE
	EndGlobalSection
	GlobalSection(ExtensibilityGlobals) = postSolution
		SolutionGuid = {80F1A73D-E6EB-4CF2-8176-F1866CBD7F5C}
	EndGlobalSection
EndGlobal
